
Microsoft Visual Studio Solution File, Format Version 12.00
# Visual Studio Version 16
VisualStudioVersion = 16.0.32002.261
MinimumVisualStudioVersion = 10.0.40219.1
Project("{FAE04EC0-301F-11D3-BF4B-00C04F79EFBC}") = "Net_Project", "Net_Project\Net_Project.csproj", "{23E34A02-AA4A-4E3A-B9A9-92B3B72A8CB2}"
EndProject
Project("{FAE04EC0-301F-11D3-BF4B-00C04F79EFBC}") = "DAL_Project", "DAL_Project\DAL_Project.csproj", "{4BC295C7-BDE3-4691-AA4C-A6B1EC8AB501}"
EndProject
Global
	GlobalSection(SolutionConfigurationPlatforms) = preSolution
		Debug|Any CPU = Debug|Any CPU
		Release|Any CPU = Release|Any CPU
	EndGlobalSection
	GlobalSection(ProjectConfigurationPlatforms) = postSolution
		{23E34A02-AA4A-4E3A-B9A9-92B3B72A8CB2}.Debug|Any CPU.ActiveCfg = Debug|Any CPU
		{23E34A02-AA4A-4E3A-B9A9-92B3B72A8CB2}.Debug|Any CPU.Build.0 = Debug|Any CPU
		{23E34A02-AA4A-4E3A-B9A9-92B3B72A8CB2}.Release|Any CPU.ActiveCfg = Release|Any CPU
		{23E34A02-AA4A-4E3A-B9A9-92B3B72A8CB2}.Release|Any CPU.Build.0 = Release|Any CPU
		{4BC295C7-BDE3-4691-AA4C-A6B1EC8AB501}.Debug|Any CPU.ActiveCfg = Debug|Any CPU
		{4BC295C7-BDE3-4691-AA4C-A6B1EC8AB501}.Debug|Any CPU.Build.0 = Debug|Any CPU
		{4BC295C7-BDE3-4691-AA4C-A6B1EC8AB501}.Release|Any CPU.ActiveCfg = Release|Any CPU
		{4BC295C7-BDE3-4691-AA4C-A6B1EC8AB501}.Release|Any CPU.Build.0 = Release|Any CPU
	EndGlobalSection
	GlobalSection(SolutionProperties) = preSolution
		HideSolutionNode = FALSE
	EndGlobalSection
	GlobalSection(ExtensibilityGlobals) = postSolution
		SolutionGuid = {6CEA905C-D263-42B1-9BA9-64D3A56B5D8B}
	EndGlobalSection
EndGlobal
